
Microsoft Visual Studio Solution File, Format Version 12.00
# Visual Studio Version 17
VisualStudioVersion = 17.2.32630.192
MinimumVisualStudioVersion = 10.0.40219.1
Project("{FAE04EC0-301F-11D3-BF4B-00C04F79EFBC}") = "JenkinAssignment2", "JenkinAssignment2.csproj", "{8E8F73DD-08BA-4EB8-A0C7-31FB70A7AF59}"
EndProject
Global
	GlobalSection(SolutionConfigurationPlatforms) = preSolution
		Debug|Any CPU = Debug|Any CPU
		Release|Any CPU = Release|Any CPU
	EndGlobalSection
	GlobalSection(ProjectConfigurationPlatforms) = postSolution
		{8E8F73DD-08BA-4EB8-A0C7-31FB70A7AF59}.Debug|Any CPU.ActiveCfg = Debug|Any CPU
		{8E8F73DD-08BA-4EB8-A0C7-31FB70A7AF59}.Debug|Any CPU.Build.0 = Debug|Any CPU
		{8E8F73DD-08BA-4EB8-A0C7-31FB70A7AF59}.Release|Any CPU.ActiveCfg = Release|Any CPU
		{8E8F73DD-08BA-4EB8-A0C7-31FB70A7AF59}.Release|Any CPU.Build.0 = Release|Any CPU
	EndGlobalSection
	GlobalSection(SolutionProperties) = preSolution
		HideSolutionNode = FALSE
	EndGlobalSection
	GlobalSection(ExtensibilityGlobals) = postSolution
		SolutionGuid = {80D29B0A-06BA-4711-AAF5-0B080FF55CC7}
	EndGlobalSection
EndGlobal
